Microsoft Visual Studio Solution File, Format Version 11.00
# Visual Studio 2008

Project("{301F0377-762F-F943-B66B-E83EA496C999}") = "FinalProject_new", "Assembly-CSharp.csproj", "{CC8651C6-3C61-B47C-1BCD-E3CB89DE4634}"
EndProject
Project("{301F0377-762F-F943-B66B-E83EA496C999}") = "FinalProject_new", "Assembly-CSharp-Editor.csproj", "{87B57628-6BE6-B890-1A12-0098C8532799}"
EndProject
Global
	GlobalSection(SolutionConfigurationPlatforms) = preSolution
		Debug|Any CPU = Debug|Any CPU
		Release|Any CPU = Release|Any CPU
	EndGlobalSection
	GlobalSection(ProjectConfigurationPlatforms) = postSolution
		{CC8651C6-3C61-B47C-1BCD-E3CB89DE4634}.Debug|Any CPU.ActiveCfg = Debug|Any CPU
		{CC8651C6-3C61-B47C-1BCD-E3CB89DE4634}.Debug|Any CPU.Build.0 = Debug|Any CPU
		{CC8651C6-3C61-B47C-1BCD-E3CB89DE4634}.Release|Any CPU.ActiveCfg = Release|Any CPU
		{CC8651C6-3C61-B47C-1BCD-E3CB89DE4634}.Release|Any CPU.Build.0 = Release|Any CPU
		{87B57628-6BE6-B890-1A12-0098C8532799}.Debug|Any CPU.ActiveCfg = Debug|Any CPU
		{87B57628-6BE6-B890-1A12-0098C8532799}.Debug|Any CPU.Build.0 = Debug|Any CPU
		{87B57628-6BE6-B890-1A12-0098C8532799}.Release|Any CPU.ActiveCfg = Release|Any CPU
		{87B57628-6BE6-B890-1A12-0098C8532799}.Release|Any CPU.Build.0 = Release|Any CPU
	EndGlobalSection
	GlobalSection(SolutionProperties) = preSolution
		HideSolutionNode = FALSE
	EndGlobalSection
	GlobalSection(MonoDevelopProperties) = preSolution
		StartupItem = Assembly-CSharp.csproj
	EndGlobalSection
EndGlobal
